
Microsoft Visual Studio Solution File, Format Version 12.00
# Visual Studio 2012
Project("{E24C65DC-7377-472B-9ABA-BC803B73C61A}") = "hunters", ".", "{932D5BA8-320A-437C-A563-09C2730A9955}"
	ProjectSection(WebsiteProperties) = preProject
		TargetFrameworkMoniker = ".NETFramework,Version%3Dv4.0"
		Debug.AspNetCompiler.VirtualPath = "/hunters"
		Debug.AspNetCompiler.PhysicalPath = "..\..\..\..\Desktop\hunters\"
		Debug.AspNetCompiler.TargetPath = "PrecompiledWeb\hunters\"
		Debug.AspNetCompiler.Updateable = "true"
		Debug.AspNetCompiler.ForceOverwrite = "true"
		Debug.AspNetCompiler.FixedNames = "false"
		Debug.AspNetCompiler.Debug = "True"
		Release.AspNetCompiler.VirtualPath = "/hunters"
		Release.AspNetCompiler.PhysicalPath = "..\..\..\..\Desktop\hunters\"
		Release.AspNetCompiler.TargetPath = "PrecompiledWeb\hunters\"
		Release.AspNetCompiler.Updateable = "true"
		Release.AspNetCompiler.ForceOverwrite = "true"
		Release.AspNetCompiler.FixedNames = "false"
		Release.AspNetCompiler.Debug = "False"
		VWDPort = "51218"
	EndProjectSection
EndProject
Global
	GlobalSection(SolutionConfigurationPlatforms) = preSolution
		Debug|Any CPU = Debug|Any CPU
	EndGlobalSection
	GlobalSection(ProjectConfigurationPlatforms) = postSolution
		{932D5BA8-320A-437C-A563-09C2730A9955}.Debug|Any CPU.ActiveCfg = Debug|Any CPU
		{932D5BA8-320A-437C-A563-09C2730A9955}.Debug|Any CPU.Build.0 = Debug|Any CPU
	EndGlobalSection
	GlobalSection(SolutionProperties) = preSolution
		HideSolutionNode = FALSE
	EndGlobalSection
EndGlobal
